
Microsoft Visual Studio Solution File, Format Version 12.00
# Visual Studio Version 17
VisualStudioVersion = 17.14.36203.30 d17.14
MinimumVisualStudioVersion = 10.0.40219.1
Project("{FAE04EC0-301F-11D3-BF4B-00C04F79EFBC}") = "SS.MediatR", "SS.MediatR\SS.MediatR.csproj", "{CD016167-1861-42C6-BFE0-E2DB098FD4DC}"
EndProject
Global
	GlobalSection(SolutionConfigurationPlatforms) = preSolution
		Debug|Any CPU = Debug|Any CPU
		Release|Any CPU = Release|Any CPU
	EndGlobalSection
	GlobalSection(ProjectConfigurationPlatforms) = postSolution
		{CD016167-1861-42C6-BFE0-E2DB098FD4DC}.Debug|Any CPU.ActiveCfg = Debug|Any CPU
		{CD016167-1861-42C6-BFE0-E2DB098FD4DC}.Debug|Any CPU.Build.0 = Debug|Any CPU
		{CD016167-1861-42C6-BFE0-E2DB098FD4DC}.Release|Any CPU.ActiveCfg = Release|Any CPU
		{CD016167-1861-42C6-BFE0-E2DB098FD4DC}.Release|Any CPU.Build.0 = Release|Any CPU
	EndGlobalSection
	GlobalSection(SolutionProperties) = preSolution
		HideSolutionNode = FALSE
	EndGlobalSection
	GlobalSection(ExtensibilityGlobals) = postSolution
		SolutionGuid = {76842E56-2C83-4CB9-A43C-954EE4604071}
	EndGlobalSection
EndGlobal
